
Microsoft Visual Studio Solution File, Format Version 12.00
# Visual Studio Version 17
VisualStudioVersion = 17.12.35514.174 d17.12
MinimumVisualStudioVersion = 10.0.40219.1
Project("{FAE04EC0-301F-11D3-BF4B-00C04F79EFBC}") = "MigrateToSwimperia", "MigrateToSwimperia\MigrateToSwimperia.csproj", "{96B58F37-5E6E-4773-9F42-506CFBE3FD32}"
EndProject
Global
	GlobalSection(SolutionConfigurationPlatforms) = preSolution
		Debug|Any CPU = Debug|Any CPU
		Release|Any CPU = Release|Any CPU
	EndGlobalSection
	GlobalSection(ProjectConfigurationPlatforms) = postSolution
		{96B58F37-5E6E-4773-9F42-506CFBE3FD32}.Debug|Any CPU.ActiveCfg = Debug|Any CPU
		{96B58F37-5E6E-4773-9F42-506CFBE3FD32}.Debug|Any CPU.Build.0 = Debug|Any CPU
		{96B58F37-5E6E-4773-9F42-506CFBE3FD32}.Release|Any CPU.ActiveCfg = Release|Any CPU
		{96B58F37-5E6E-4773-9F42-506CFBE3FD32}.Release|Any CPU.Build.0 = Release|Any CPU
	EndGlobalSection
	GlobalSection(SolutionProperties) = preSolution
		HideSolutionNode = FALSE
	EndGlobalSection
EndGlobal
